// !$*UTF8*$!
{
	archiveVersion = 1;
	classes = {
	};
	objectVersion = 51;
	objects = {

/* Begin PBXBuildFile section */
		877FD6A5A44369ABFA6890AD /* Pods_What_station_is_this.framework in Frameworks */ = {isa = PBXBuildFile; fileRef = 0B397571CF00D1929D45A61D /* Pods_What_station_is_this.framework */; };
		A52AE6FE26359EC600F595CE /* DistanceCircle.swift in Sources */ = {isa = PBXBuildFile; fileRef = A52AE6FD26359EC600F595CE /* DistanceCircle.swift */; };
		A536B7C225FE385A00CF53F7 /* AppDelegate.swift in Sources */ = {isa = PBXBuildFile; fileRef = A536B7C125FE385A00CF53F7 /* AppDelegate.swift */; };
		A536B7C425FE385A00CF53F7 /* SceneDelegate.swift in Sources */ = {isa = PBXBuildFile; fileRef = A536B7C325FE385A00CF53F7 /* SceneDelegate.swift */; };
		A536B7C625FE385A00CF53F7 /* ContentView.swift in Sources */ = {isa = PBXBuildFile; fileRef = A536B7C525FE385A00CF53F7 /* ContentView.swift */; };
		A536B7C925FE385A00CF53F7 /* What_station_is_this.xcdatamodeld in Sources */ = {isa = PBXBuildFile; fileRef = A536B7C725FE385A00CF53F7 /* What_station_is_this.xcdatamodeld */; };
		A536B7CB25FE385A00CF53F7 /* Assets.xcassets in Resources */ = {isa = PBXBuildFile; fileRef = A536B7CA25FE385A00CF53F7 /* Assets.xcassets */; };
		A536B7CE25FE385A00CF53F7 /* Preview Assets.xcassets in Resources */ = {isa = PBXBuildFile; fileRef = A536B7CD25FE385A00CF53F7 /* Preview Assets.xcassets */; };
		A536B7D125FE385A00CF53F7 /* LaunchScreen.storyboard in Resources */ = {isa = PBXBuildFile; fileRef = A536B7CF25FE385A00CF53F7 /* LaunchScreen.storyboard */; };
		A536B7DB25FE3A1400CF53F7 /* CustomText.swift in Sources */ = {isa = PBXBuildFile; fileRef = A536B7DA25FE3A1400CF53F7 /* CustomText.swift */; };
		A536B7DF25FE457F00CF53F7 /* StationCard.swift in Sources */ = {isa = PBXBuildFile; fileRef = A536B7DE25FE457F00CF53F7 /* StationCard.swift */; };
		A5373259261715C700B2A3A3 /* Locator.swift in Sources */ = {isa = PBXBuildFile; fileRef = A5373258261715C700B2A3A3 /* Locator.swift */; };
		A5373261261759FA00B2A3A3 /* LocationFetcher.swift in Sources */ = {isa = PBXBuildFile; fileRef = A5373260261759FA00B2A3A3 /* LocationFetcher.swift */; };
		A538141B2618922E00FBC94D /* ToastMessage.swift in Sources */ = {isa = PBXBuildFile; fileRef = A538141A2618922E00FBC94D /* ToastMessage.swift */; };
		A55B2F272638399500570353 /* LockOrientation.swift in Sources */ = {isa = PBXBuildFile; fileRef = A55B2F262638399500570353 /* LockOrientation.swift */; };
		A55B2F2B2638421100570353 /* AuthorCard.swift in Sources */ = {isa = PBXBuildFile; fileRef = A55B2F2A2638421100570353 /* AuthorCard.swift */; };
		A55B2F3D2638515100570353 /* InfoPopup.swift in Sources */ = {isa = PBXBuildFile; fileRef = A55B2F3C2638515100570353 /* InfoPopup.swift */; };
		A55FFE49279D67C500492C96 /* NavigationLinkImpl.swift in Sources */ = {isa = PBXBuildFile; fileRef = A55FFE48279D67C500492C96 /* NavigationLinkImpl.swift */; };
		A56712BF2603538500667539 /* SelectPageView.swift in Sources */ = {isa = PBXBuildFile; fileRef = A56712BE2603538500667539 /* SelectPageView.swift */; };
		A56712CA2603708300667539 /* SearchBar.swift in Sources */ = {isa = PBXBuildFile; fileRef = A56712C92603708300667539 /* SearchBar.swift */; };
		A56712CE26038A4B00667539 /* Arrows.swift in Sources */ = {isa = PBXBuildFile; fileRef = A56712CD26038A4B00667539 /* Arrows.swift */; };
		A56C64272636BC7E00C5AAC9 /* SmallerButtonStyle.swift in Sources */ = {isa = PBXBuildFile; fileRef = A56C64262636BC7E00C5AAC9 /* SmallerButtonStyle.swift */; };
		A5747B6D2605D2C1002DDA86 /* InfoPlist.strings in Resources */ = {isa = PBXBuildFile; fileRef = A5747B6F2605D2C1002DDA86 /* InfoPlist.strings */; };
		A59698C825FF862B00A1EAB9 /* SearchCard.swift in Sources */ = {isa = PBXBuildFile; fileRef = A59698C725FF862B00A1EAB9 /* SearchCard.swift */; };
		A59698CC25FF886200A1EAB9 /* StationItem.swift in Sources */ = {isa = PBXBuildFile; fileRef = A59698CB25FF886200A1EAB9 /* StationItem.swift */; };
		A59C2F6E2600E8DD00DB99B8 /* StationTrackingView.swift in Sources */ = {isa = PBXBuildFile; fileRef = A59C2F6D2600E8DD00DB99B8 /* StationTrackingView.swift */; };
		A5A9504E2601CEFD007DFFD4 /* MultilineHstack.swift in Sources */ = {isa = PBXBuildFile; fileRef = A5A9504D2601CEFD007DFFD4 /* MultilineHstack.swift */; };
		A5FD4B782631940100554A63 /* Notificator.swift in Sources */ = {isa = PBXBuildFile; fileRef = A5FD4B772631940100554A63 /* Notificator.swift */; };
		A5FD79D22626CEC700B04A77 /* StationGraph.swift in Sources */ = {isa = PBXBuildFile; fileRef = A5FD79D12626CEC700B04A77 /* StationGraph.swift */; };
/* End PBXBuildFile section */

/* Begin PBXFileReference section */
		0B397571CF00D1929D45A61D /* Pods_What_station_is_this.framework */ = {isa = PBXFileReference; explicitFileType = wrapper.framework; includeInIndex = 0; path = Pods_What_station_is_this.framework; sourceTree = BUILT_PRODUCTS_DIR; };
		90BFC31B329A3E2B6B71EFB5 /* Pods-What-station-is-this.release.xcconfig */ = {isa = PBXFileReference; includeInIndex = 1; lastKnownFileType = text.xcconfig; name = "Pods-What-station-is-this.release.xcconfig"; path = "Target Support Files/Pods-What-station-is-this/Pods-What-station-is-this.release.xcconfig"; sourceTree = "<group>"; };
		A52AE6FD26359EC600F595CE /* DistanceCircle.swift */ = {isa = PBXFileReference; lastKnownFileType = sourcecode.swift; path = DistanceCircle.swift; sourceTree = "<group>"; };
		A536B7BE25FE385A00CF53F7 /* What-station-is-this.app */ = {isa = PBXFileReference; explicitFileType = wrapper.application; includeInIndex = 0; path = "What-station-is-this.app"; sourceTree = BUILT_PRODUCTS_DIR; };
		A536B7C125FE385A00CF53F7 /* AppDelegate.swift */ = {isa = PBXFileReference; lastKnownFileType = sourcecode.swift; path = AppDelegate.swift; sourceTree = "<group>"; };
		A536B7C325FE385A00CF53F7 /* SceneDelegate.swift */ = {isa = PBXFileReference; lastKnownFileType = sourcecode.swift; path = SceneDelegate.swift; sourceTree = "<group>"; };
		A536B7C525FE385A00CF53F7 /* ContentView.swift */ = {isa = PBXFileReference; lastKnownFileType = sourcecode.swift; path = ContentView.swift; sourceTree = "<group>"; };
		A536B7C825FE385A00CF53F7 /* What_station_is_this.xcdatamodel */ = {isa = PBXFileReference; lastKnownFileType = wrapper.xcdatamodel; path = What_station_is_this.xcdatamodel; sourceTree = "<group>"; };
		A536B7CA25FE385A00CF53F7 /* Assets.xcassets */ = {isa = PBXFileReference; lastKnownFileType = folder.assetcatalog; path = Assets.xcassets; sourceTree = "<group>"; };
		A536B7CD25FE385A00CF53F7 /* Preview Assets.xcassets */ = {isa = PBXFileReference; lastKnownFileType = folder.assetcatalog; path = "Preview Assets.xcassets"; sourceTree = "<group>"; };
		A536B7D025FE385A00CF53F7 /* Base */ = {isa = PBXFileReference; lastKnownFileType = file.storyboard; name = Base; path = Base.lproj/LaunchScreen.storyboard; sourceTree = "<group>"; };
		A536B7DA25FE3A1400CF53F7 /* CustomText.swift */ = {isa = PBXFileReference; lastKnownFileType = sourcecode.swift; path = CustomText.swift; sourceTree = "<group>"; };
		A536B7DE25FE457F00CF53F7 /* StationCard.swift */ = {isa = PBXFileReference; lastKnownFileType = sourcecode.swift; path = StationCard.swift; sourceTree = "<group>"; };
		A5373258261715C700B2A3A3 /* Locator.swift */ = {isa = PBXFileReference; lastKnownFileType = sourcecode.swift; path = Locator.swift; sourceTree = "<group>"; };
		A5373260261759FA00B2A3A3 /* LocationFetcher.swift */ = {isa = PBXFileReference; lastKnownFileType = sourcecode.swift; path = LocationFetcher.swift; sourceTree = "<group>"; };
		A538141A2618922E00FBC94D /* ToastMessage.swift */ = {isa = PBXFileReference; lastKnownFileType = sourcecode.swift; path = ToastMessage.swift; sourceTree = "<group>"; };
		A55B2F262638399500570353 /* LockOrientation.swift */ = {isa = PBXFileReference; lastKnownFileType = sourcecode.swift; path = LockOrientation.swift; sourceTree = "<group>"; };
		A55B2F2A2638421100570353 /* AuthorCard.swift */ = {isa = PBXFileReference; lastKnownFileType = sourcecode.swift; path = AuthorCard.swift; sourceTree = "<group>"; };
		A55B2F3C2638515100570353 /* InfoPopup.swift */ = {isa = PBXFileReference; lastKnownFileType = sourcecode.swift; path = InfoPopup.swift; sourceTree = "<group>"; };
		A55FFE48279D67C500492C96 /* NavigationLinkImpl.swift */ = {isa = PBXFileReference; lastKnownFileType = sourcecode.swift; path = NavigationLinkImpl.swift; sourceTree = "<group>"; };
		A56712BE2603538500667539 /* SelectPageView.swift */ = {isa = PBXFileReference; lastKnownFileType = sourcecode.swift; path = SelectPageView.swift; sourceTree = "<group>"; };
		A56712C92603708300667539 /* SearchBar.swift */ = {isa = PBXFileReference; lastKnownFileType = sourcecode.swift; path = SearchBar.swift; sourceTree = "<group>"; };
		A56712CD26038A4B00667539 /* Arrows.swift */ = {isa = PBXFileReference; lastKnownFileType = sourcecode.swift; path = Arrows.swift; sourceTree = "<group>"; };
		A56C64262636BC7E00C5AAC9 /* SmallerButtonStyle.swift */ = {isa = PBXFileReference; lastKnownFileType = sourcecode.swift; path = SmallerButtonStyle.swift; sourceTree = "<group>"; };
		A5747B682605D274002DDA86 /* ko */ = {isa = PBXFileReference; lastKnownFileType = text.plist.strings; name = ko; path = ko.lproj/LaunchScreen.strings; sourceTree = "<group>"; };
		A5747B6E2605D2C1002DDA86 /* ko */ = {isa = PBXFileReference; lastKnownFileType = text.plist.strings; name = ko; path = ko.lproj/InfoPlist.strings; sourceTree = "<group>"; };
		A59698C725FF862B00A1EAB9 /* SearchCard.swift */ = {isa = PBXFileReference; lastKnownFileType = sourcecode.swift; path = SearchCard.swift; sourceTree = "<group>"; };
		A59698CB25FF886200A1EAB9 /* StationItem.swift */ = {isa = PBXFileReference; lastKnownFileType = sourcecode.swift; path = StationItem.swift; sourceTree = "<group>"; };
		A59C2F6D2600E8DD00DB99B8 /* StationTrackingView.swift */ = {isa = PBXFileReference; lastKnownFileType = sourcecode.swift; path = StationTrackingView.swift; sourceTree = "<group>"; };
		A5A9504D2601CEFD007DFFD4 /* MultilineHstack.swift */ = {isa = PBXFileReference; lastKnownFileType = sourcecode.swift; path = MultilineHstack.swift; sourceTree = "<group>"; };
		A5FD4B772631940100554A63 /* Notificator.swift */ = {isa = PBXFileReference; lastKnownFileType = sourcecode.swift; path = Notificator.swift; sourceTree = "<group>"; };
		A5FD79D12626CEC700B04A77 /* StationGraph.swift */ = {isa = PBXFileReference; lastKnownFileType = sourcecode.swift; path = StationGraph.swift; sourceTree = "<group>"; };
		D7436B0B786153488B8423D8 /* Pods-What-station-is-this.debug.xcconfig */ = {isa = PBXFileReference; includeInIndex = 1; lastKnownFileType = text.xcconfig; name = "Pods-What-station-is-this.debug.xcconfig"; path = "Target Support Files/Pods-What-station-is-this/Pods-What-station-is-this.debug.xcconfig"; sourceTree = "<group>"; };
/* End PBXFileReference section */

/* Begin PBXFrameworksBuildPhase section */
		A536B7BB25FE385A00CF53F7 /* Frameworks */ = {
			isa = PBXFrameworksBuildPhase;
			buildActionMask = 2147483647;
			files = (
				877FD6A5A44369ABFA6890AD /* Pods_What_station_is_this.framework in Frameworks */,
			);
			runOnlyForDeploymentPostprocessing = 0;
		};
/* End PBXFrameworksBuildPhase section */

/* Begin PBXGroup section */
		87FD7FD0CCA6E5CC29AFACA9 /* Pods */ = {
			isa = PBXGroup;
			children = (
				D7436B0B786153488B8423D8 /* Pods-What-station-is-this.debug.xcconfig */,
				90BFC31B329A3E2B6B71EFB5 /* Pods-What-station-is-this.release.xcconfig */,
			);
			path = Pods;
			sourceTree = "<group>";
		};
		A536B7B525FE385A00CF53F7 = {
			isa = PBXGroup;
			children = (
				A536B7C025FE385A00CF53F7 /* What-station-is-this */,
				A536B7BF25FE385A00CF53F7 /* Products */,
				87FD7FD0CCA6E5CC29AFACA9 /* Pods */,
				C973E5D2ECD6A83722B429A7 /* Frameworks */,
			);
			sourceTree = "<group>";
		};
		A536B7BF25FE385A00CF53F7 /* Products */ = {
			isa = PBXGroup;
			children = (
				A536B7BE25FE385A00CF53F7 /* What-station-is-this.app */,
			);
			name = Products;
			sourceTree = "<group>";
		};
		A536B7C025FE385A00CF53F7 /* What-station-is-this */ = {
			isa = PBXGroup;
			children = (
				A53732572617158D00B2A3A3 /* Controller */,
				A59698CA25FF883B00A1EAB9 /* Model */,
				A536B7E425FE4CCE00CF53F7 /* View */,
				A536B7D925FE39D800CF53F7 /* Component */,
				A536B7C125FE385A00CF53F7 /* AppDelegate.swift */,
				A536B7C325FE385A00CF53F7 /* SceneDelegate.swift */,
				A536B7CA25FE385A00CF53F7 /* Assets.xcassets */,
				A536B7CF25FE385A00CF53F7 /* LaunchScreen.storyboard */,
				A536B7CC25FE385A00CF53F7 /* Preview Content */,
				A5747B6F2605D2C1002DDA86 /* InfoPlist.strings */,
			);
			path = "What-station-is-this";
			sourceTree = "<group>";
		};
		A536B7CC25FE385A00CF53F7 /* Preview Content */ = {
			isa = PBXGroup;
			children = (
				A536B7CD25FE385A00CF53F7 /* Preview Assets.xcassets */,
			);
			path = "Preview Content";
			sourceTree = "<group>";
		};
		A536B7D925FE39D800CF53F7 /* Component */ = {
			isa = PBXGroup;
			children = (
				A536B7DA25FE3A1400CF53F7 /* CustomText.swift */,
				A536B7DE25FE457F00CF53F7 /* StationCard.swift */,
				A59698C725FF862B00A1EAB9 /* SearchCard.swift */,
				A5A9504D2601CEFD007DFFD4 /* MultilineHstack.swift */,
				A56712C92603708300667539 /* SearchBar.swift */,
				A56712CD26038A4B00667539 /* Arrows.swift */,
				A538141A2618922E00FBC94D /* ToastMessage.swift */,
				A52AE6FD26359EC600F595CE /* DistanceCircle.swift */,
				A56C64262636BC7E00C5AAC9 /* SmallerButtonStyle.swift */,
				A55B2F2A2638421100570353 /* AuthorCard.swift */,
				A55B2F3C2638515100570353 /* InfoPopup.swift */,
				A55FFE48279D67C500492C96 /* NavigationLinkImpl.swift */,
			);
			path = Component;
			sourceTree = "<group>";
		};
		A536B7E425FE4CCE00CF53F7 /* View */ = {
			isa = PBXGroup;
			children = (
				A536B7C525FE385A00CF53F7 /* ContentView.swift */,
				A56712BE2603538500667539 /* SelectPageView.swift */,
				A59C2F6D2600E8DD00DB99B8 /* StationTrackingView.swift */,
			);
			path = View;
			sourceTree = "<group>";
		};
		A53732572617158D00B2A3A3 /* Controller */ = {
			isa = PBXGroup;
			children = (
				A5373258261715C700B2A3A3 /* Locator.swift */,
				A5373260261759FA00B2A3A3 /* LocationFetcher.swift */,
				A5FD4B772631940100554A63 /* Notificator.swift */,
				A55B2F262638399500570353 /* LockOrientation.swift */,
			);
			path = Controller;
			sourceTree = "<group>";
		};
		A59698CA25FF883B00A1EAB9 /* Model */ = {
			isa = PBXGroup;
			children = (
				A536B7C725FE385A00CF53F7 /* What_station_is_this.xcdatamodeld */,
				A59698CB25FF886200A1EAB9 /* StationItem.swift */,
				A5FD79D12626CEC700B04A77 /* StationGraph.swift */,
			);
			path = Model;
			sourceTree = "<group>";
		};
		C973E5D2ECD6A83722B429A7 /* Frameworks */ = {
			isa = PBXGroup;
			children = (
				0B397571CF00D1929D45A61D /* Pods_What_station_is_this.framework */,
			);
			name = Frameworks;
			sourceTree = "<group>";
		};
/* End PBXGroup section */

/* Begin PBXNativeTarget section */
		A536B7BD25FE385A00CF53F7 /* What-station-is-this */ = {
			isa = PBXNativeTarget;
			buildConfigurationList = A536B7D525FE385A00CF53F7 /* Build configuration list for PBXNativeTarget "What-station-is-this" */;
			buildPhases = (
				DDC9FF77609888B2329215B4 /* [CP] Check Pods Manifest.lock */,
				A536B7BA25FE385A00CF53F7 /* Sources */,
				A536B7BB25FE385A00CF53F7 /* Frameworks */,
				A536B7BC25FE385A00CF53F7 /* Resources */,
				873B2210FD5ACC544BF00862 /* [CP] Embed Pods Frameworks */,
			);
			buildRules = (
			);
			dependencies = (
			);
			name = "What-station-is-this";
			productName = "What-station-is-this";
			productReference = A536B7BE25FE385A00CF53F7 /* What-station-is-this.app */;
			productType = "com.apple.product-type.application";
		};
/* End PBXNativeTarget section */

/* Begin PBXProject section */
		A536B7B625FE385A00CF53F7 /* Project object */ = {
			isa = PBXProject;
			attributes = {
				LastSwiftUpdateCheck = 1240;
				LastUpgradeCheck = 1240;
				TargetAttributes = {
					A536B7BD25FE385A00CF53F7 = {
						CreatedOnToolsVersion = 12.4;
					};
				};
			};
			buildConfigurationList = A536B7B925FE385A00CF53F7 /* Build configuration list for PBXProject "What-station-is-this" */;
			compatibilityVersion = "Xcode 9.3";
			developmentRegion = en;
			hasScannedForEncodings = 0;
			knownRegions = (
				en,
				Base,
				ko,
			);
			mainGroup = A536B7B525FE385A00CF53F7;
			productRefGroup = A536B7BF25FE385A00CF53F7 /* Products */;
			projectDirPath = "";
			projectRoot = "";
			targets = (
				A536B7BD25FE385A00CF53F7 /* What-station-is-this */,
			);
		};
/* End PBXProject section */

/* Begin PBXResourcesBuildPhase section */
		A536B7BC25FE385A00CF53F7 /* Resources */ = {
			isa = PBXResourcesBuildPhase;
			buildActionMask = 2147483647;
			files = (
				A536B7D125FE385A00CF53F7 /* LaunchScreen.storyboard in Resources */,
				A5747B6D2605D2C1002DDA86 /* InfoPlist.strings in Resources */,
				A536B7CE25FE385A00CF53F7 /* Preview Assets.xcassets in Resources */,
				A536B7CB25FE385A00CF53F7 /* Assets.xcassets in Resources */,
			);
			runOnlyForDeploymentPostprocessing = 0;
		};
/* End PBXResourcesBuildPhase section */

/* Begin PBXShellScriptBuildPhase section */
		873B2210FD5ACC544BF00862 /* [CP] Embed Pods Frameworks */ = {
			isa = PBXShellScriptBuildPhase;
			buildActionMask = 2147483647;
			files = (
			);
			inputFileListPaths = (
				"${PODS_ROOT}/Target Support Files/Pods-What-station-is-this/Pods-What-station-is-this-frameworks-${CONFIGURATION}-input-files.xcfilelist",
			);
			name = "[CP] Embed Pods Frameworks";
			outputFileListPaths = (
				"${PODS_ROOT}/Target Support Files/Pods-What-station-is-this/Pods-What-station-is-this-frameworks-${CONFIGURATION}-output-files.xcfilelist",
			);
			runOnlyForDeploymentPostprocessing = 0;
			shellPath = /bin/sh;
			shellScript = "\"${PODS_ROOT}/Target Support Files/Pods-What-station-is-this/Pods-What-station-is-this-frameworks.sh\"\n";
			showEnvVarsInLog = 0;
		};
		DDC9FF77609888B2329215B4 /* [CP] Check Pods Manifest.lock */ = {
			isa = PBXShellScriptBuildPhase;
			buildActionMask = 2147483647;
			files = (
			);
			inputFileListPaths = (
			);
			inputPaths = (
				"${PODS_PODFILE_DIR_PATH}/Podfile.lock",
				"${PODS_ROOT}/Manifest.lock",
			);
			name = "[CP] Check Pods Manifest.lock";
			outputFileListPaths = (
			);
			outputPaths = (
				"$(DERIVED_FILE_DIR)/Pods-What-station-is-this-checkManifestLockResult.txt",
			);
			runOnlyForDeploymentPostprocessing = 0;
			shellPath = /bin/sh;
			shellScript = "diff \"${PODS_PODFILE_DIR_PATH}/Podfile.lock\" \"${PODS_ROOT}/Manifest.lock\" > /dev/null\nif [ $? != 0 ] ; then\n    # print error to STDERR\n    echo \"error: The sandbox is not in sync with the Podfile.lock. Run 'pod install' or update your CocoaPods installation.\" >&2\n    exit 1\nfi\n# This output is used by Xcode 'outputs' to avoid re-running this script phase.\necho \"SUCCESS\" > \"${SCRIPT_OUTPUT_FILE_0}\"\n";
			showEnvVarsInLog = 0;
		};
/* End PBXShellScriptBuildPhase section */

/* Begin PBXSourcesBuildPhase section */
		A536B7BA25FE385A00CF53F7 /* Sources */ = {
			isa = PBXSourcesBuildPhase;
			buildActionMask = 2147483647;
			files = (
				A5FD4B782631940100554A63 /* Notificator.swift in Sources */,
				A5FD79D22626CEC700B04A77 /* StationGraph.swift in Sources */,
				A5373259261715C700B2A3A3 /* Locator.swift in Sources */,
				A536B7C925FE385A00CF53F7 /* What_station_is_this.xcdatamodeld in Sources */,
				A5373261261759FA00B2A3A3 /* LocationFetcher.swift in Sources */,
				A538141B2618922E00FBC94D /* ToastMessage.swift in Sources */,
				A536B7DF25FE457F00CF53F7 /* StationCard.swift in Sources */,
				A59698C825FF862B00A1EAB9 /* SearchCard.swift in Sources */,
				A56C64272636BC7E00C5AAC9 /* SmallerButtonStyle.swift in Sources */,
				A56712BF2603538500667539 /* SelectPageView.swift in Sources */,
				A536B7DB25FE3A1400CF53F7 /* CustomText.swift in Sources */,
				A55FFE49279D67C500492C96 /* NavigationLinkImpl.swift in Sources */,
				A52AE6FE26359EC600F595CE /* DistanceCircle.swift in Sources */,
				A56712CA2603708300667539 /* SearchBar.swift in Sources */,
				A5A9504E2601CEFD007DFFD4 /* MultilineHstack.swift in Sources */,
				A56712CE26038A4B00667539 /* Arrows.swift in Sources */,
				A536B7C225FE385A00CF53F7 /* AppDelegate.swift in Sources */,
				A55B2F2B2638421100570353 /* AuthorCard.swift in Sources */,
				A55B2F3D2638515100570353 /* InfoPopup.swift in Sources */,
				A59698CC25FF886200A1EAB9 /* StationItem.swift in Sources */,
				A59C2F6E2600E8DD00DB99B8 /* StationTrackingView.swift in Sources */,
				A55B2F272638399500570353 /* LockOrientation.swift in Sources */,
				A536B7C425FE385A00CF53F7 /* SceneDelegate.swift in Sources */,
				A536B7C625FE385A00CF53F7 /* ContentView.swift in Sources */,
			);
			runOnlyForDeploymentPostprocessing = 0;
		};
/* End PBXSourcesBuildPhase section */

/* Begin PBXVariantGroup section */
		A536B7CF25FE385A00CF53F7 /* LaunchScreen.storyboard */ = {
			isa = PBXVariantGroup;
			children = (
				A536B7D025FE385A00CF53F7 /* Base */,
				A5747B682605D274002DDA86 /* ko */,
			);
			name = LaunchScreen.storyboard;
			sourceTree = "<group>";
		};
		A5747B6F2605D2C1002DDA86 /* InfoPlist.strings */ = {
			isa = PBXVariantGroup;
			children = (
				A5747B6E2605D2C1002DDA86 /* ko */,
			);
			name = InfoPlist.strings;
			sourceTree = "<group>";
		};
/* End PBXVariantGroup section */

/* Begin XCBuildConfiguration section */
		A536B7D325FE385A00CF53F7 /* Debug */ = {
			isa = XCBuildConfiguration;
			buildSettings = {
				ALWAYS_SEARCH_USER_PATHS = NO;
				CLANG_ANALYZER_LOCALIZABILITY_NONLOCALIZED = YES;
				CLANG_ANALYZER_NONNULL = YES;
				CLANG_ANALYZER_NUMBER_OBJECT_CONVERSION = YES_AGGRESSIVE;
				CLANG_CXX_LANGUAGE_STANDARD = "gnu++14";
				CLANG_CXX_LIBRARY = "libc++";
				CLANG_ENABLE_MODULES = YES;
				CLANG_ENABLE_OBJC_ARC = YES;
				CLANG_ENABLE_OBJC_WEAK = YES;
				CLANG_WARN_BLOCK_CAPTURE_AUTORELEASING = YES;
				CLANG_WARN_BOOL_CONVERSION = YES;
				CLANG_WARN_COMMA = YES;
				CLANG_WARN_CONSTANT_CONVERSION = YES;
				CLANG_WARN_DEPRECATED_OBJC_IMPLEMENTATIONS = YES;
				CLANG_WARN_DIRECT_OBJC_ISA_USAGE = YES_ERROR;
				CLANG_WARN_DOCUMENTATION_COMMENTS = YES;
				CLANG_WARN_EMPTY_BODY = YES;
				CLANG_WARN_ENUM_CONVERSION = YES;
				CLANG_WARN_INFINITE_RECURSION = YES;
				CLANG_WARN_INT_CONVERSION = YES;
				CLANG_WARN_NON_LITERAL_NULL_CONVERSION = YES;
				CLANG_WARN_OBJC_IMPLICIT_RETAIN_SELF = YES;
				CLANG_WARN_OBJC_LITERAL_CONVERSION = YES;
				CLANG_WARN_OBJC_ROOT_CLASS = YES_ERROR;
				CLANG_WARN_QUOTED_INCLUDE_IN_FRAMEWORK_HEADER = YES;
				CLANG_WARN_RANGE_LOOP_ANALYSIS = YES;
				CLANG_WARN_STRICT_PROTOTYPES = YES;
				CLANG_WARN_SUSPICIOUS_MOVE = YES;
				CLANG_WARN_UNGUARDED_AVAILABILITY = YES_AGGRESSIVE;
				CLANG_WARN_UNREACHABLE_CODE = YES;
				CLANG_WARN__DUPLICATE_METHOD_MATCH = YES;
				COPY_PHASE_STRIP = NO;
				DEBUG_INFORMATION_FORMAT = dwarf;
				ENABLE_STRICT_OBJC_MSGSEND = YES;
				ENABLE_TESTABILITY = YES;
				GCC_C_LANGUAGE_STANDARD = gnu11;
				GCC_DYNAMIC_NO_PIC = NO;
				GCC_NO_COMMON_BLOCKS = YES;
				GCC_OPTIMIZATION_LEVEL = 0;
				GCC_PREPROCESSOR_DEFINITIONS = (
					"DEBUG=1",
					"$(inherited)",
				);
				GCC_WARN_64_TO_32_BIT_CONVERSION = YES;
				GCC_WARN_ABOUT_RETURN_TYPE = YES_ERROR;
				GCC_WARN_UNDECLARED_SELECTOR = YES;
				GCC_WARN_UNINITIALIZED_AUTOS = YES_AGGRESSIVE;
				GCC_WARN_UNUSED_FUNCTION = YES;
				GCC_WARN_UNUSED_VARIABLE = YES;
				IPHONEOS_DEPLOYMENT_TARGET = 14.4;
				MTL_ENABLE_DEBUG_INFO = INCLUDE_SOURCE;
				MTL_FAST_MATH = YES;
				ONLY_ACTIVE_ARCH = YES;
				PRODUCT_NAME = "What-station-is-this";
				SDKROOT = iphoneos;
				SWIFT_ACTIVE_COMPILATION_CONDITIONS = DEBUG;
				SWIFT_OPTIMIZATION_LEVEL = "-Onone";
			};
			name = Debug;
		};
		A536B7D425FE385A00CF53F7 /* Release */ = {
			isa = XCBuildConfiguration;
			buildSettings = {
				ALWAYS_SEARCH_USER_PATHS = NO;
				CLANG_ANALYZER_LOCALIZABILITY_NONLOCALIZED = YES;
				CLANG_ANALYZER_NONNULL = YES;
				CLANG_ANALYZER_NUMBER_OBJECT_CONVERSION = YES_AGGRESSIVE;
				CLANG_CXX_LANGUAGE_STANDARD = "gnu++14";
				CLANG_CXX_LIBRARY = "libc++";
				CLANG_ENABLE_MODULES = YES;
				CLANG_ENABLE_OBJC_ARC = YES;
				CLANG_ENABLE_OBJC_WEAK = YES;
				CLANG_WARN_BLOCK_CAPTURE_AUTORELEASING = YES;
				CLANG_WARN_BOOL_CONVERSION = YES;
				CLANG_WARN_COMMA = YES;
				CLANG_WARN_CONSTANT_CONVERSION = YES;
				CLANG_WARN_DEPRECATED_OBJC_IMPLEMENTATIONS = YES;
				CLANG_WARN_DIRECT_OBJC_ISA_USAGE = YES_ERROR;
				CLANG_WARN_DOCUMENTATION_COMMENTS = YES;
				CLANG_WARN_EMPTY_BODY = YES;
				CLANG_WARN_ENUM_CONVERSION = YES;
				CLANG_WARN_INFINITE_RECURSION = YES;
				CLANG_WARN_INT_CONVERSION = YES;
				CLANG_WARN_NON_LITERAL_NULL_CONVERSION = YES;
				CLANG_WARN_OBJC_IMPLICIT_RETAIN_SELF = YES;
				CLANG_WARN_OBJC_LITERAL_CONVERSION = YES;
				CLANG_WARN_OBJC_ROOT_CLASS = YES_ERROR;
				CLANG_WARN_QUOTED_INCLUDE_IN_FRAMEWORK_HEADER = YES;
				CLANG_WARN_RANGE_LOOP_ANALYSIS = YES;
				CLANG_WARN_STRICT_PROTOTYPES = YES;
				CLANG_WARN_SUSPICIOUS_MOVE = YES;
				CLANG_WARN_UNGUARDED_AVAILABILITY = YES_AGGRESSIVE;
				CLANG_WARN_UNREACHABLE_CODE = YES;
				CLANG_WARN__DUPLICATE_METHOD_MATCH = YES;
				COPY_PHASE_STRIP = NO;
				DEBUG_INFORMATION_FORMAT = "dwarf-with-dsym";
				ENABLE_NS_ASSERTIONS = NO;
				ENABLE_STRICT_OBJC_MSGSEND = YES;
				GCC_C_LANGUAGE_STANDARD = gnu11;
				GCC_NO_COMMON_BLOCKS = YES;
				GCC_WARN_64_TO_32_BIT_CONVERSION = YES;
				GCC_WARN_ABOUT_RETURN_TYPE = YES_ERROR;
				GCC_WARN_UNDECLARED_SELECTOR = YES;
				GCC_WARN_UNINITIALIZED_AUTOS = YES_AGGRESSIVE;
				GCC_WARN_UNUSED_FUNCTION = YES;
				GCC_WARN_UNUSED_VARIABLE = YES;
				IPHONEOS_DEPLOYMENT_TARGET = 14.4;
				MTL_ENABLE_DEBUG_INFO = NO;
				MTL_FAST_MATH = YES;
				PRODUCT_NAME = "What-station-is-this";
				SDKROOT = iphoneos;
				SWIFT_COMPILATION_MODE = wholemodule;
				SWIFT_OPTIMIZATION_LEVEL = "-O";
				VALIDATE_PRODUCT = YES;
			};
			name = Release;
		};
		A536B7D625FE385A00CF53F7 /* Debug */ = {
			isa = XCBuildConfiguration;
			baseConfigurationReference = D7436B0B786153488B8423D8 /* Pods-What-station-is-this.debug.xcconfig */;
			buildSettings = {
				ASSETCATALOG_COMPILER_APPICON_NAME = AppIcon;
				ASSETCATALOG_COMPILER_GLOBAL_ACCENT_COLOR_NAME = AccentColor;
				CODE_SIGN_STYLE = Automatic;
				CURRENT_PROJECT_VERSION = 5;
				DEVELOPMENT_ASSET_PATHS = "\"What-station-is-this/Preview Content\"";
				DEVELOPMENT_TEAM = G6Y8H2N834;
				ENABLE_PREVIEWS = YES;
				INFOPLIST_FILE = "What-station-is-this/Info.plist";
				LD_RUNPATH_SEARCH_PATHS = (
					"$(inherited)",
					"@executable_path/Frameworks",
				);
				MARKETING_VERSION = 1.3.1;
				PRODUCT_BUNDLE_IDENTIFIER = "com.iml.What-station-is-this";
				PRODUCT_NAME = "What-station-is-this";
				SWIFT_VERSION = 5.0;
				TARGETED_DEVICE_FAMILY = 1;
			};
			name = Debug;
		};
		A536B7D725FE385A00CF53F7 /* Release */ = {
			isa = XCBuildConfiguration;
			baseConfigurationReference = 90BFC31B329A3E2B6B71EFB5 /* Pods-What-station-is-this.release.xcconfig */;
			buildSettings = {
				ASSETCATALOG_COMPILER_APPICON_NAME = AppIcon;
				ASSETCATALOG_COMPILER_GLOBAL_ACCENT_COLOR_NAME = AccentColor;
				CODE_SIGN_STYLE = Automatic;
				CURRENT_PROJECT_VERSION = 5;
				DEVELOPMENT_ASSET_PATHS = "\"What-station-is-this/Preview Content\"";
				DEVELOPMENT_TEAM = G6Y8H2N834;
				ENABLE_PREVIEWS = YES;
				INFOPLIST_FILE = "What-station-is-this/Info.plist";
				LD_RUNPATH_SEARCH_PATHS = (
					"$(inherited)",
					"@executable_path/Frameworks",
				);
				MARKETING_VERSION = 1.3.1;
				PRODUCT_BUNDLE_IDENTIFIER = "com.iml.What-station-is-this";
				PRODUCT_NAME = "What-station-is-this";
				SWIFT_VERSION = 5.0;
				TARGETED_DEVICE_FAMILY = 1;
			};
			name = Release;
		};
/* End XCBuildConfiguration section */

/* Begin XCConfigurationList section */
		A536B7B925FE385A00CF53F7 /* Build configuration list for PBXProject "What-station-is-this" */ = {
			isa = XCConfigurationList;
			buildConfigurations = (
				A536B7D325FE385A00CF53F7 /* Debug */,
				A536B7D425FE385A00CF53F7 /* Release */,
			);
			defaultConfigurationIsVisible = 0;
			defaultConfigurationName = Release;
		};
		A536B7D525FE385A00CF53F7 /* Build configuration list for PBXNativeTarget "What-station-is-this" */ = {
			isa = XCConfigurationList;
			buildConfigurations = (
				A536B7D625FE385A00CF53F7 /* Debug */,
				A536B7D725FE385A00CF53F7 /* Release */,
			);
			defaultConfigurationIsVisible = 0;
			defaultConfigurationName = Release;
		};
/* End XCConfigurationList section */

/* Begin XCVersionGroup section */
		A536B7C725FE385A00CF53F7 /* What_station_is_this.xcdatamodeld */ = {
			isa = XCVersionGroup;
			children = (
				A536B7C825FE385A00CF53F7 /* What_station_is_this.xcdatamodel */,
			);
			currentVersion = A536B7C825FE385A00CF53F7 /* What_station_is_this.xcdatamodel */;
			path = What_station_is_this.xcdatamodeld;
			sourceTree = "<group>";
			versionGroupType = wrapper.xcdatamodel;
		};
/* End XCVersionGroup section */
	};
	rootObject = A536B7B625FE385A00CF53F7 /* Project object */;
}
