// !$*UTF8*$!
{
	archiveVersion = 1;
	classes = {
	};
	objectVersion = 50;
	objects = {

/* Begin PBXBuildFile section */
		A536B7C225FE385A00CF53F7 /* AppDelegate.swift in Sources */ = {isa = PBXBuildFile; fileRef = A536B7C125FE385A00CF53F7 /* AppDelegate.swift */; };
		A536B7C425FE385A00CF53F7 /* SceneDelegate.swift in Sources */ = {isa = PBXBuildFile; fileRef = A536B7C325FE385A00CF53F7 /* SceneDelegate.swift */; };
		A536B7C625FE385A00CF53F7 /* ContentView.swift in Sources */ = {isa = PBXBuildFile; fileRef = A536B7C525FE385A00CF53F7 /* ContentView.swift */; };
		A536B7C925FE385A00CF53F7 /* What_station_is_this.xcdatamodeld in Sources */ = {isa = PBXBuildFile; fileRef = A536B7C725FE385A00CF53F7 /* What_station_is_this.xcdatamodeld */; };
		A536B7CB25FE385A00CF53F7 /* Assets.xcassets in Resources */ = {isa = PBXBuildFile; fileRef = A536B7CA25FE385A00CF53F7 /* Assets.xcassets */; };
		A536B7CE25FE385A00CF53F7 /* Preview Assets.xcassets in Resources */ = {isa = PBXBuildFile; fileRef = A536B7CD25FE385A00CF53F7 /* Preview Assets.xcassets */; };
		A536B7D125FE385A00CF53F7 /* LaunchScreen.storyboard in Resources */ = {isa = PBXBuildFile; fileRef = A536B7CF25FE385A00CF53F7 /* LaunchScreen.storyboard */; };
		A536B7DB25FE3A1400CF53F7 /* CustomButton.swift in Sources */ = {isa = PBXBuildFile; fileRef = A536B7DA25FE3A1400CF53F7 /* CustomButton.swift */; };
		A536B7DF25FE457F00CF53F7 /* StationCard.swift in Sources */ = {isa = PBXBuildFile; fileRef = A536B7DE25FE457F00CF53F7 /* StationCard.swift */; };
		A536B7E725FE4CFE00CF53F7 /* SearchPageView.swift in Sources */ = {isa = PBXBuildFile; fileRef = A536B7E625FE4CFE00CF53F7 /* SearchPageView.swift */; };
		A59698C825FF862B00A1EAB9 /* SearchCardView.swift in Sources */ = {isa = PBXBuildFile; fileRef = A59698C725FF862B00A1EAB9 /* SearchCardView.swift */; };
		A59698CC25FF886200A1EAB9 /* StationItem.swift in Sources */ = {isa = PBXBuildFile; fileRef = A59698CB25FF886200A1EAB9 /* StationItem.swift */; };
		A59698CF25FF9C4600A1EAB9 /* CustomNavigationView.swift in Sources */ = {isa = PBXBuildFile; fileRef = A59698CE25FF9C4600A1EAB9 /* CustomNavigationView.swift */; };
		A59C2F6E2600E8DD00DB99B8 /* StationTrackingView.swift in Sources */ = {isa = PBXBuildFile; fileRef = A59C2F6D2600E8DD00DB99B8 /* StationTrackingView.swift */; };
		A5A9504E2601CEFD007DFFD4 /* MultilineHstack.swift in Sources */ = {isa = PBXBuildFile; fileRef = A5A9504D2601CEFD007DFFD4 /* MultilineHstack.swift */; };
/* End PBXBuildFile section */

/* Begin PBXFileReference section */
		A536B7BE25FE385A00CF53F7 /* What-station-is-this.app */ = {isa = PBXFileReference; explicitFileType = wrapper.application; includeInIndex = 0; path = "What-station-is-this.app"; sourceTree = BUILT_PRODUCTS_DIR; };
		A536B7C125FE385A00CF53F7 /* AppDelegate.swift */ = {isa = PBXFileReference; lastKnownFileType = sourcecode.swift; path = AppDelegate.swift; sourceTree = "<group>"; };
		A536B7C325FE385A00CF53F7 /* SceneDelegate.swift */ = {isa = PBXFileReference; lastKnownFileType = sourcecode.swift; path = SceneDelegate.swift; sourceTree = "<group>"; };
		A536B7C525FE385A00CF53F7 /* ContentView.swift */ = {isa = PBXFileReference; lastKnownFileType = sourcecode.swift; path = ContentView.swift; sourceTree = "<group>"; };
		A536B7C825FE385A00CF53F7 /* What_station_is_this.xcdatamodel */ = {isa = PBXFileReference; lastKnownFileType = wrapper.xcdatamodel; path = What_station_is_this.xcdatamodel; sourceTree = "<group>"; };
		A536B7CA25FE385A00CF53F7 /* Assets.xcassets */ = {isa = PBXFileReference; lastKnownFileType = folder.assetcatalog; path = Assets.xcassets; sourceTree = "<group>"; };
		A536B7CD25FE385A00CF53F7 /* Preview Assets.xcassets */ = {isa = PBXFileReference; lastKnownFileType = folder.assetcatalog; path = "Preview Assets.xcassets"; sourceTree = "<group>"; };
		A536B7D025FE385A00CF53F7 /* Base */ = {isa = PBXFileReference; lastKnownFileType = file.storyboard; name = Base; path = Base.lproj/LaunchScreen.storyboard; sourceTree = "<group>"; };
		A536B7D225FE385A00CF53F7 /* Info.plist */ = {isa = PBXFileReference; lastKnownFileType = text.plist.xml; path = Info.plist; sourceTree = "<group>"; };
		A536B7DA25FE3A1400CF53F7 /* CustomButton.swift */ = {isa = PBXFileReference; lastKnownFileType = sourcecode.swift; path = CustomButton.swift; sourceTree = "<group>"; };
		A536B7DE25FE457F00CF53F7 /* StationCard.swift */ = {isa = PBXFileReference; lastKnownFileType = sourcecode.swift; path = StationCard.swift; sourceTree = "<group>"; };
		A536B7E625FE4CFE00CF53F7 /* SearchPageView.swift */ = {isa = PBXFileReference; lastKnownFileType = sourcecode.swift; path = SearchPageView.swift; sourceTree = "<group>"; };
		A59698C725FF862B00A1EAB9 /* SearchCardView.swift */ = {isa = PBXFileReference; lastKnownFileType = sourcecode.swift; path = SearchCardView.swift; sourceTree = "<group>"; };
		A59698CB25FF886200A1EAB9 /* StationItem.swift */ = {isa = PBXFileReference; lastKnownFileType = sourcecode.swift; path = StationItem.swift; sourceTree = "<group>"; };
		A59698CE25FF9C4600A1EAB9 /* CustomNavigationView.swift */ = {isa = PBXFileReference; lastKnownFileType = sourcecode.swift; path = CustomNavigationView.swift; sourceTree = "<group>"; };
		A59C2F6D2600E8DD00DB99B8 /* StationTrackingView.swift */ = {isa = PBXFileReference; lastKnownFileType = sourcecode.swift; path = StationTrackingView.swift; sourceTree = "<group>"; };
		A5A9504D2601CEFD007DFFD4 /* MultilineHstack.swift */ = {isa = PBXFileReference; lastKnownFileType = sourcecode.swift; path = MultilineHstack.swift; sourceTree = "<group>"; };
/* End PBXFileReference section */

/* Begin PBXFrameworksBuildPhase section */
		A536B7BB25FE385A00CF53F7 /* Frameworks */ = {
			isa = PBXFrameworksBuildPhase;
			buildActionMask = 2147483647;
			files = (
			);
			runOnlyForDeploymentPostprocessing = 0;
		};
/* End PBXFrameworksBuildPhase section */

/* Begin PBXGroup section */
		A536B7B525FE385A00CF53F7 = {
			isa = PBXGroup;
			children = (
				A536B7C025FE385A00CF53F7 /* What-station-is-this */,
				A536B7BF25FE385A00CF53F7 /* Products */,
			);
			sourceTree = "<group>";
		};
		A536B7BF25FE385A00CF53F7 /* Products */ = {
			isa = PBXGroup;
			children = (
				A536B7BE25FE385A00CF53F7 /* What-station-is-this.app */,
			);
			name = Products;
			sourceTree = "<group>";
		};
		A536B7C025FE385A00CF53F7 /* What-station-is-this */ = {
			isa = PBXGroup;
			children = (
				A59698CA25FF883B00A1EAB9 /* Model */,
				A536B7E425FE4CCE00CF53F7 /* View */,
				A536B7D925FE39D800CF53F7 /* Component */,
				A536B7C125FE385A00CF53F7 /* AppDelegate.swift */,
				A536B7C325FE385A00CF53F7 /* SceneDelegate.swift */,
				A536B7CA25FE385A00CF53F7 /* Assets.xcassets */,
				A536B7CF25FE385A00CF53F7 /* LaunchScreen.storyboard */,
				A536B7D225FE385A00CF53F7 /* Info.plist */,
				A536B7C725FE385A00CF53F7 /* What_station_is_this.xcdatamodeld */,
				A536B7CC25FE385A00CF53F7 /* Preview Content */,
			);
			path = "What-station-is-this";
			sourceTree = "<group>";
		};
		A536B7CC25FE385A00CF53F7 /* Preview Content */ = {
			isa = PBXGroup;
			children = (
				A536B7CD25FE385A00CF53F7 /* Preview Assets.xcassets */,
			);
			path = "Preview Content";
			sourceTree = "<group>";
		};
		A536B7D925FE39D800CF53F7 /* Component */ = {
			isa = PBXGroup;
			children = (
				A59698CE25FF9C4600A1EAB9 /* CustomNavigationView.swift */,
				A536B7DA25FE3A1400CF53F7 /* CustomButton.swift */,
				A536B7DE25FE457F00CF53F7 /* StationCard.swift */,
				A59698C725FF862B00A1EAB9 /* SearchCardView.swift */,
				A5A9504D2601CEFD007DFFD4 /* MultilineHstack.swift */,
			);
			path = Component;
			sourceTree = "<group>";
		};
		A536B7E425FE4CCE00CF53F7 /* View */ = {
			isa = PBXGroup;
			children = (
				A536B7C525FE385A00CF53F7 /* ContentView.swift */,
				A536B7E625FE4CFE00CF53F7 /* SearchPageView.swift */,
				A59C2F6D2600E8DD00DB99B8 /* StationTrackingView.swift */,
			);
			path = View;
			sourceTree = "<group>";
		};
		A59698CA25FF883B00A1EAB9 /* Model */ = {
			isa = PBXGroup;
			children = (
				A59698CB25FF886200A1EAB9 /* StationItem.swift */,
			);
			path = Model;
			sourceTree = "<group>";
		};
/* End PBXGroup section */

/* Begin PBXNativeTarget section */
		A536B7BD25FE385A00CF53F7 /* What-station-is-this */ = {
			isa = PBXNativeTarget;
			buildConfigurationList = A536B7D525FE385A00CF53F7 /* Build configuration list for PBXNativeTarget "What-station-is-this" */;
			buildPhases = (
				A536B7BA25FE385A00CF53F7 /* Sources */,
				A536B7BB25FE385A00CF53F7 /* Frameworks */,
				A536B7BC25FE385A00CF53F7 /* Resources */,
			);
			buildRules = (
			);
			dependencies = (
			);
			name = "What-station-is-this";
			productName = "What-station-is-this";
			productReference = A536B7BE25FE385A00CF53F7 /* What-station-is-this.app */;
			productType = "com.apple.product-type.application";
		};
/* End PBXNativeTarget section */

/* Begin PBXProject section */
		A536B7B625FE385A00CF53F7 /* Project object */ = {
			isa = PBXProject;
			attributes = {
				LastSwiftUpdateCheck = 1240;
				LastUpgradeCheck = 1240;
				TargetAttributes = {
					A536B7BD25FE385A00CF53F7 = {
						CreatedOnToolsVersion = 12.4;
					};
				};
			};
			buildConfigurationList = A536B7B925FE385A00CF53F7 /* Build configuration list for PBXProject "What-station-is-this" */;
			compatibilityVersion = "Xcode 9.3";
			developmentRegion = en;
			hasScannedForEncodings = 0;
			knownRegions = (
				en,
				Base,
			);
			mainGroup = A536B7B525FE385A00CF53F7;
			productRefGroup = A536B7BF25FE385A00CF53F7 /* Products */;
			projectDirPath = "";
			projectRoot = "";
			targets = (
				A536B7BD25FE385A00CF53F7 /* What-station-is-this */,
			);
		};
/* End PBXProject section */

/* Begin PBXResourcesBuildPhase section */
		A536B7BC25FE385A00CF53F7 /* Resources */ = {
			isa = PBXResourcesBuildPhase;
			buildActionMask = 2147483647;
			files = (
				A536B7D125FE385A00CF53F7 /* LaunchScreen.storyboard in Resources */,
				A536B7CE25FE385A00CF53F7 /* Preview Assets.xcassets in Resources */,
				A536B7CB25FE385A00CF53F7 /* Assets.xcassets in Resources */,
			);
			runOnlyForDeploymentPostprocessing = 0;
		};
/* End PBXResourcesBuildPhase section */

/* Begin PBXSourcesBuildPhase section */
		A536B7BA25FE385A00CF53F7 /* Sources */ = {
			isa = PBXSourcesBuildPhase;
			buildActionMask = 2147483647;
			files = (
				A536B7C925FE385A00CF53F7 /* What_station_is_this.xcdatamodeld in Sources */,
				A536B7DF25FE457F00CF53F7 /* StationCard.swift in Sources */,
				A59698CF25FF9C4600A1EAB9 /* CustomNavigationView.swift in Sources */,
				A59698C825FF862B00A1EAB9 /* SearchCardView.swift in Sources */,
				A536B7DB25FE3A1400CF53F7 /* CustomButton.swift in Sources */,
				A5A9504E2601CEFD007DFFD4 /* MultilineHstack.swift in Sources */,
				A536B7C225FE385A00CF53F7 /* AppDelegate.swift in Sources */,
				A59698CC25FF886200A1EAB9 /* StationItem.swift in Sources */,
				A59C2F6E2600E8DD00DB99B8 /* StationTrackingView.swift in Sources */,
				A536B7C425FE385A00CF53F7 /* SceneDelegate.swift in Sources */,
				A536B7E725FE4CFE00CF53F7 /* SearchPageView.swift in Sources */,
				A536B7C625FE385A00CF53F7 /* ContentView.swift in Sources */,
			);
			runOnlyForDeploymentPostprocessing = 0;
		};
/* End PBXSourcesBuildPhase section */

/* Begin PBXVariantGroup section */
		A536B7CF25FE385A00CF53F7 /* LaunchScreen.storyboard */ = {
			isa = PBXVariantGroup;
			children = (
				A536B7D025FE385A00CF53F7 /* Base */,
			);
			name = LaunchScreen.storyboard;
			sourceTree = "<group>";
		};
/* End PBXVariantGroup section */

/* Begin XCBuildConfiguration section */
		A536B7D325FE385A00CF53F7 /* Debug */ = {
			isa = XCBuildConfiguration;
			buildSettings = {
				ALWAYS_SEARCH_USER_PATHS = NO;
				CLANG_ANALYZER_NONNULL = YES;
				CLANG_ANALYZER_NUMBER_OBJECT_CONVERSION = YES_AGGRESSIVE;
				CLANG_CXX_LANGUAGE_STANDARD = "gnu++14";
				CLANG_CXX_LIBRARY = "libc++";
				CLANG_ENABLE_MODULES = YES;
				CLANG_ENABLE_OBJC_ARC = YES;
				CLANG_ENABLE_OBJC_WEAK = YES;
				CLANG_WARN_BLOCK_CAPTURE_AUTORELEASING = YES;
				CLANG_WARN_BOOL_CONVERSION = YES;
				CLANG_WARN_COMMA = YES;
				CLANG_WARN_CONSTANT_CONVERSION = YES;
				CLANG_WARN_DEPRECATED_OBJC_IMPLEMENTATIONS = YES;
				CLANG_WARN_DIRECT_OBJC_ISA_USAGE = YES_ERROR;
				CLANG_WARN_DOCUMENTATION_COMMENTS = YES;
				CLANG_WARN_EMPTY_BODY = YES;
				CLANG_WARN_ENUM_CONVERSION = YES;
				CLANG_WARN_INFINITE_RECURSION = YES;
				CLANG_WARN_INT_CONVERSION = YES;
				CLANG_WARN_NON_LITERAL_NULL_CONVERSION = YES;
				CLANG_WARN_OBJC_IMPLICIT_RETAIN_SELF = YES;
				CLANG_WARN_OBJC_LITERAL_CONVERSION = YES;
				CLANG_WARN_OBJC_ROOT_CLASS = YES_ERROR;
				CLANG_WARN_QUOTED_INCLUDE_IN_FRAMEWORK_HEADER = YES;
				CLANG_WARN_RANGE_LOOP_ANALYSIS = YES;
				CLANG_WARN_STRICT_PROTOTYPES = YES;
				CLANG_WARN_SUSPICIOUS_MOVE = YES;
				CLANG_WARN_UNGUARDED_AVAILABILITY = YES_AGGRESSIVE;
				CLANG_WARN_UNREACHABLE_CODE = YES;
				CLANG_WARN__DUPLICATE_METHOD_MATCH = YES;
				COPY_PHASE_STRIP = NO;
				DEBUG_INFORMATION_FORMAT = dwarf;
				ENABLE_STRICT_OBJC_MSGSEND = YES;
				ENABLE_TESTABILITY = YES;
				GCC_C_LANGUAGE_STANDARD = gnu11;
				GCC_DYNAMIC_NO_PIC = NO;
				GCC_NO_COMMON_BLOCKS = YES;
				GCC_OPTIMIZATION_LEVEL = 0;
				GCC_PREPROCESSOR_DEFINITIONS = (
					"DEBUG=1",
					"$(inherited)",
				);
				GCC_WARN_64_TO_32_BIT_CONVERSION = YES;
				GCC_WARN_ABOUT_RETURN_TYPE = YES_ERROR;
				GCC_WARN_UNDECLARED_SELECTOR = YES;
				GCC_WARN_UNINITIALIZED_AUTOS = YES_AGGRESSIVE;
				GCC_WARN_UNUSED_FUNCTION = YES;
				GCC_WARN_UNUSED_VARIABLE = YES;
				IPHONEOS_DEPLOYMENT_TARGET = 14.4;
				MTL_ENABLE_DEBUG_INFO = INCLUDE_SOURCE;
				MTL_FAST_MATH = YES;
				ONLY_ACTIVE_ARCH = YES;
				SDKROOT = iphoneos;
				SWIFT_ACTIVE_COMPILATION_CONDITIONS = DEBUG;
				SWIFT_OPTIMIZATION_LEVEL = "-Onone";
			};
			name = Debug;
		};
		A536B7D425FE385A00CF53F7 /* Release */ = {
			isa = XCBuildConfiguration;
			buildSettings = {
				ALWAYS_SEARCH_USER_PATHS = NO;
				CLANG_ANALYZER_NONNULL = YES;
				CLANG_ANALYZER_NUMBER_OBJECT_CONVERSION = YES_AGGRESSIVE;
				CLANG_CXX_LANGUAGE_STANDARD = "gnu++14";
				CLANG_CXX_LIBRARY = "libc++";
				CLANG_ENABLE_MODULES = YES;
				CLANG_ENABLE_OBJC_ARC = YES;
				CLANG_ENABLE_OBJC_WEAK = YES;
				CLANG_WARN_BLOCK_CAPTURE_AUTORELEASING = YES;
				CLANG_WARN_BOOL_CONVERSION = YES;
				CLANG_WARN_COMMA = YES;
				CLANG_WARN_CONSTANT_CONVERSION = YES;
				CLANG_WARN_DEPRECATED_OBJC_IMPLEMENTATIONS = YES;
				CLANG_WARN_DIRECT_OBJC_ISA_USAGE = YES_ERROR;
				CLANG_WARN_DOCUMENTATION_COMMENTS = YES;
				CLANG_WARN_EMPTY_BODY = YES;
				CLANG_WARN_ENUM_CONVERSION = YES;
				CLANG_WARN_INFINITE_RECURSION = YES;
				CLANG_WARN_INT_CONVERSION = YES;
				CLANG_WARN_NON_LITERAL_NULL_CONVERSION = YES;
				CLANG_WARN_OBJC_IMPLICIT_RETAIN_SELF = YES;
				CLANG_WARN_OBJC_LITERAL_CONVERSION = YES;
				CLANG_WARN_OBJC_ROOT_CLASS = YES_ERROR;
				CLANG_WARN_QUOTED_INCLUDE_IN_FRAMEWORK_HEADER = YES;
				CLANG_WARN_RANGE_LOOP_ANALYSIS = YES;
				CLANG_WARN_STRICT_PROTOTYPES = YES;
				CLANG_WARN_SUSPICIOUS_MOVE = YES;
				CLANG_WARN_UNGUARDED_AVAILABILITY = YES_AGGRESSIVE;
				CLANG_WARN_UNREACHABLE_CODE = YES;
				CLANG_WARN__DUPLICATE_METHOD_MATCH = YES;
				COPY_PHASE_STRIP = NO;
				DEBUG_INFORMATION_FORMAT = "dwarf-with-dsym";
				ENABLE_NS_ASSERTIONS = NO;
				ENABLE_STRICT_OBJC_MSGSEND = YES;
				GCC_C_LANGUAGE_STANDARD = gnu11;
				GCC_NO_COMMON_BLOCKS = YES;
				GCC_WARN_64_TO_32_BIT_CONVERSION = YES;
				GCC_WARN_ABOUT_RETURN_TYPE = YES_ERROR;
				GCC_WARN_UNDECLARED_SELECTOR = YES;
				GCC_WARN_UNINITIALIZED_AUTOS = YES_AGGRESSIVE;
				GCC_WARN_UNUSED_FUNCTION = YES;
				GCC_WARN_UNUSED_VARIABLE = YES;
				IPHONEOS_DEPLOYMENT_TARGET = 14.4;
				MTL_ENABLE_DEBUG_INFO = NO;
				MTL_FAST_MATH = YES;
				SDKROOT = iphoneos;
				SWIFT_COMPILATION_MODE = wholemodule;
				SWIFT_OPTIMIZATION_LEVEL = "-O";
				VALIDATE_PRODUCT = YES;
			};
			name = Release;
		};
		A536B7D625FE385A00CF53F7 /* Debug */ = {
			isa = XCBuildConfiguration;
			buildSettings = {
				ASSETCATALOG_COMPILER_APPICON_NAME = AppIcon;
				ASSETCATALOG_COMPILER_GLOBAL_ACCENT_COLOR_NAME = AccentColor;
				CODE_SIGN_STYLE = Automatic;
				DEVELOPMENT_ASSET_PATHS = "\"What-station-is-this/Preview Content\"";
				DEVELOPMENT_TEAM = G6Y8H2N834;
				ENABLE_PREVIEWS = YES;
				INFOPLIST_FILE = "What-station-is-this/Info.plist";
				LD_RUNPATH_SEARCH_PATHS = (
					"$(inherited)",
					"@executable_path/Frameworks",
				);
				PRODUCT_BUNDLE_IDENTIFIER = "com.iml.What-station-is-this";
				PRODUCT_NAME = "$(TARGET_NAME)";
				SWIFT_VERSION = 5.0;
				TARGETED_DEVICE_FAMILY = "1,2";
			};
			name = Debug;
		};
		A536B7D725FE385A00CF53F7 /* Release */ = {
			isa = XCBuildConfiguration;
			buildSettings = {
				ASSETCATALOG_COMPILER_APPICON_NAME = AppIcon;
				ASSETCATALOG_COMPILER_GLOBAL_ACCENT_COLOR_NAME = AccentColor;
				CODE_SIGN_STYLE = Automatic;
				DEVELOPMENT_ASSET_PATHS = "\"What-station-is-this/Preview Content\"";
				DEVELOPMENT_TEAM = G6Y8H2N834;
				ENABLE_PREVIEWS = YES;
				INFOPLIST_FILE = "What-station-is-this/Info.plist";
				LD_RUNPATH_SEARCH_PATHS = (
					"$(inherited)",
					"@executable_path/Frameworks",
				);
				PRODUCT_BUNDLE_IDENTIFIER = "com.iml.What-station-is-this";
				PRODUCT_NAME = "$(TARGET_NAME)";
				SWIFT_VERSION = 5.0;
				TARGETED_DEVICE_FAMILY = "1,2";
			};
			name = Release;
		};
/* End XCBuildConfiguration section */

/* Begin XCConfigurationList section */
		A536B7B925FE385A00CF53F7 /* Build configuration list for PBXProject "What-station-is-this" */ = {
			isa = XCConfigurationList;
			buildConfigurations = (
				A536B7D325FE385A00CF53F7 /* Debug */,
				A536B7D425FE385A00CF53F7 /* Release */,
			);
			defaultConfigurationIsVisible = 0;
			defaultConfigurationName = Release;
		};
		A536B7D525FE385A00CF53F7 /* Build configuration list for PBXNativeTarget "What-station-is-this" */ = {
			isa = XCConfigurationList;
			buildConfigurations = (
				A536B7D625FE385A00CF53F7 /* Debug */,
				A536B7D725FE385A00CF53F7 /* Release */,
			);
			defaultConfigurationIsVisible = 0;
			defaultConfigurationName = Release;
		};
/* End XCConfigurationList section */

/* Begin XCVersionGroup section */
		A536B7C725FE385A00CF53F7 /* What_station_is_this.xcdatamodeld */ = {
			isa = XCVersionGroup;
			children = (
				A536B7C825FE385A00CF53F7 /* What_station_is_this.xcdatamodel */,
			);
			currentVersion = A536B7C825FE385A00CF53F7 /* What_station_is_this.xcdatamodel */;
			path = What_station_is_this.xcdatamodeld;
			sourceTree = "<group>";
			versionGroupType = wrapper.xcdatamodel;
		};
/* End XCVersionGroup section */
	};
	rootObject = A536B7B625FE385A00CF53F7 /* Project object */;
}
